{
  "name": "healthapp",
  "version": "1.0.1",
  "lockfileVersion": 1,
  "requires": true,
  "dependencies": {
    "dietplanner": {
      "version": "github:Koushik-G/crispy-octo-disco#92d8e29da197a21a2ee9d11ed1026e466335bc83",
      "from": "github:Koushik-G/crispy-octo-disco",
      "requires": {
        "jquery": "github:jquery/jquery"
      }
    },
    "faker": {
      "version": "4.1.0",
      "resolved": "https://registry.npmjs.org/faker/-/faker-4.1.0.tgz",
      "integrity": "sha1-HkW7vsxndLPBlfrSg1EJxtdIzD8="
    },
    "jquery": {
      "version": "github:jquery/jquery#c10945d0e15c5048ae8b5b7e3f8241ad27671a7c",
      "from": "github:jquery/jquery"
    }
  }
}
